
Microsoft Visual Studio Solution File, Format Version 12.00
# Visual Studio Version 16
VisualStudioVersion = 16.0.28803.156
MinimumVisualStudioVersion = 10.0.40219.1
Project("{9A19103F-16F7-4668-BE54-9A1E7A4F7556}") = "Gibbed.IO", "projects\Gibbed.IO\Gibbed.IO.csproj", "{047857BA-DAA3-4CA7-AFB8-A1B082B28C6A}"
EndProject
Project("{9A19103F-16F7-4668-BE54-9A1E7A4F7556}") = "RepairVisitedLinks", "projects\RepairVisitedLinks\RepairVisitedLinks.csproj", "{5BF2D333-80C0-44EA-B041-9E4035B768B0}"
EndProject
Project("{9A19103F-16F7-4668-BE54-9A1E7A4F7556}") = "NDesk.Options", "projects\NDesk.Options\NDesk.Options.csproj", "{C98A6CD6-9422-4B35-8B7A-F520D75534D1}"
EndProject
Project("{FAE04EC0-301F-11D3-BF4B-00C04F79EFBC}") = "DumpWand", "projects\DumpWand\DumpWand.csproj", "{050B199E-9F8E-4FB0-921A-8A6212934859}"
EndProject
Global
	GlobalSection(SolutionConfigurationPlatforms) = preSolution
		Debug|Any CPU = Debug|Any CPU
		Release|Any CPU = Release|Any CPU
	EndGlobalSection
	GlobalSection(ProjectConfigurationPlatforms) = postSolution
		{047857BA-DAA3-4CA7-AFB8-A1B082B28C6A}.Debug|Any CPU.ActiveCfg = Debug|Any CPU
		{047857BA-DAA3-4CA7-AFB8-A1B082B28C6A}.Debug|Any CPU.Build.0 = Debug|Any CPU
		{047857BA-DAA3-4CA7-AFB8-A1B082B28C6A}.Release|Any CPU.ActiveCfg = Release|Any CPU
		{047857BA-DAA3-4CA7-AFB8-A1B082B28C6A}.Release|Any CPU.Build.0 = Release|Any CPU
		{5BF2D333-80C0-44EA-B041-9E4035B768B0}.Debug|Any CPU.ActiveCfg = Debug|Any CPU
		{5BF2D333-80C0-44EA-B041-9E4035B768B0}.Debug|Any CPU.Build.0 = Debug|Any CPU
		{5BF2D333-80C0-44EA-B041-9E4035B768B0}.Release|Any CPU.ActiveCfg = Release|Any CPU
		{5BF2D333-80C0-44EA-B041-9E4035B768B0}.Release|Any CPU.Build.0 = Release|Any CPU
		{C98A6CD6-9422-4B35-8B7A-F520D75534D1}.Debug|Any CPU.ActiveCfg = Debug|Any CPU
		{C98A6CD6-9422-4B35-8B7A-F520D75534D1}.Debug|Any CPU.Build.0 = Debug|Any CPU
		{C98A6CD6-9422-4B35-8B7A-F520D75534D1}.Release|Any CPU.ActiveCfg = Release|Any CPU
		{C98A6CD6-9422-4B35-8B7A-F520D75534D1}.Release|Any CPU.Build.0 = Release|Any CPU
		{050B199E-9F8E-4FB0-921A-8A6212934859}.Debug|Any CPU.ActiveCfg = Debug|Any CPU
		{050B199E-9F8E-4FB0-921A-8A6212934859}.Debug|Any CPU.Build.0 = Debug|Any CPU
		{050B199E-9F8E-4FB0-921A-8A6212934859}.Release|Any CPU.ActiveCfg = Release|Any CPU
		{050B199E-9F8E-4FB0-921A-8A6212934859}.Release|Any CPU.Build.0 = Release|Any CPU
	EndGlobalSection
	GlobalSection(SolutionProperties) = preSolution
		HideSolutionNode = FALSE
	EndGlobalSection
	GlobalSection(ExtensibilityGlobals) = postSolution
		SolutionGuid = {ACB413F4-2423-4CC0-B018-22AB621E2EE4}
	EndGlobalSection
EndGlobal
